// !$*UTF8*$!
{
	archiveVersion = 1;
	classes = {
	};
	objectVersion = 46;
	objects = {

/* Begin PBXBuildFile section */
		98479CB01ECA80CC00EB970E /* AppDelegate.swift in Sources */ = {isa = PBXBuildFile; fileRef = 98479CAF1ECA80CC00EB970E /* AppDelegate.swift */; };
		98479CB21ECA80CC00EB970E /* ViewController.swift in Sources */ = {isa = PBXBuildFile; fileRef = 98479CB11ECA80CC00EB970E /* ViewController.swift */; };
		98479CB51ECA80CC00EB970E /* Main.storyboard in Resources */ = {isa = PBXBuildFile; fileRef = 98479CB31ECA80CC00EB970E /* Main.storyboard */; };
		98479CB71ECA80CC00EB970E /* Assets.xcassets in Resources */ = {isa = PBXBuildFile; fileRef = 98479CB61ECA80CC00EB970E /* Assets.xcassets */; };
		98479CBA1ECA80CC00EB970E /* LaunchScreen.storyboard in Resources */ = {isa = PBXBuildFile; fileRef = 98479CB81ECA80CC00EB970E /* LaunchScreen.storyboard */; };
		98479CC51ECA80CC00EB970E /* HeeyTaxiPrototipeTests.swift in Sources */ = {isa = PBXBuildFile; fileRef = 98479CC41ECA80CC00EB970E /* HeeyTaxiPrototipeTests.swift */; };
		98479CD01ECA80CC00EB970E /* HeeyTaxiPrototipeUITests.swift in Sources */ = {isa = PBXBuildFile; fileRef = 98479CCF1ECA80CC00EB970E /* HeeyTaxiPrototipeUITests.swift */; };
/* End PBXBuildFile section */

/* Begin PBXContainerItemProxy section */
		98479CC11ECA80CC00EB970E /* PBXContainerItemProxy */ = {
			isa = PBXContainerItemProxy;
			containerPortal = 98479CA41ECA80CB00EB970E /* Project object */;
			proxyType = 1;
			remoteGlobalIDString = 98479CAB1ECA80CC00EB970E;
			remoteInfo = HeeyTaxiPrototipe;
		};
		98479CCC1ECA80CC00EB970E /* PBXContainerItemProxy */ = {
			isa = PBXContainerItemProxy;
			containerPortal = 98479CA41ECA80CB00EB970E /* Project object */;
			proxyType = 1;
			remoteGlobalIDString = 98479CAB1ECA80CC00EB970E;
			remoteInfo = HeeyTaxiPrototipe;
		};
/* End PBXContainerItemProxy section */

/* Begin PBXFileReference section */
		98479CAC1ECA80CC00EB970E /* HeeyTaxiPrototipe.app */ = {isa = PBXFileReference; explicitFileType = wrapper.application; includeInIndex = 0; path = HeeyTaxiPrototipe.app; sourceTree = BUILT_PRODUCTS_DIR; };
		98479CAF1ECA80CC00EB970E /* AppDelegate.swift */ = {isa = PBXFileReference; lastKnownFileType = sourcecode.swift; path = AppDelegate.swift; sourceTree = "<group>"; };
		98479CB11ECA80CC00EB970E /* ViewController.swift */ = {isa = PBXFileReference; lastKnownFileType = sourcecode.swift; path = ViewController.swift; sourceTree = "<group>"; };
		98479CB41ECA80CC00EB970E /* Base */ = {isa = PBXFileReference; lastKnownFileType = file.storyboard; name = Base; path = Base.lproj/Main.storyboard; sourceTree = "<group>"; };
		98479CB61ECA80CC00EB970E /* Assets.xcassets */ = {isa = PBXFileReference; lastKnownFileType = folder.assetcatalog; path = Assets.xcassets; sourceTree = "<group>"; };
		98479CB91ECA80CC00EB970E /* Base */ = {isa = PBXFileReference; lastKnownFileType = file.storyboard; name = Base; path = Base.lproj/LaunchScreen.storyboard; sourceTree = "<group>"; };
		98479CBB1ECA80CC00EB970E /* Info.plist */ = {isa = PBXFileReference; lastKnownFileType = text.plist.xml; path = Info.plist; sourceTree = "<group>"; };
		98479CC01ECA80CC00EB970E /* HeeyTaxiPrototipeTests.xctest */ = {isa = PBXFileReference; explicitFileType = wrapper.cfbundle; includeInIndex = 0; path = HeeyTaxiPrototipeTests.xctest; sourceTree = BUILT_PRODUCTS_DIR; };
		98479CC41ECA80CC00EB970E /* HeeyTaxiPrototipeTests.swift */ = {isa = PBXFileReference; lastKnownFileType = sourcecode.swift; path = HeeyTaxiPrototipeTests.swift; sourceTree = "<group>"; };
		98479CC61ECA80CC00EB970E /* Info.plist */ = {isa = PBXFileReference; lastKnownFileType = text.plist.xml; path = Info.plist; sourceTree = "<group>"; };
		98479CCB1ECA80CC00EB970E /* HeeyTaxiPrototipeUITests.xctest */ = {isa = PBXFileReference; explicitFileType = wrapper.cfbundle; includeInIndex = 0; path = HeeyTaxiPrototipeUITests.xctest; sourceTree = BUILT_PRODUCTS_DIR; };
		98479CCF1ECA80CC00EB970E /* HeeyTaxiPrototipeUITests.swift */ = {isa = PBXFileReference; lastKnownFileType = sourcecode.swift; path = HeeyTaxiPrototipeUITests.swift; sourceTree = "<group>"; };
		98479CD11ECA80CC00EB970E /* Info.plist */ = {isa = PBXFileReference; lastKnownFileType = text.plist.xml; path = Info.plist; sourceTree = "<group>"; };
/* End PBXFileReference section */

/* Begin PBXFrameworksBuildPhase section */
		98479CA91ECA80CC00EB970E /* Frameworks */ = {
			isa = PBXFrameworksBuildPhase;
			buildActionMask = 2147483647;
			files = (
			);
			runOnlyForDeploymentPostprocessing = 0;
		};
		98479CBD1ECA80CC00EB970E /* Frameworks */ = {
			isa = PBXFrameworksBuildPhase;
			buildActionMask = 2147483647;
			files = (
			);
			runOnlyForDeploymentPostprocessing = 0;
		};
		98479CC81ECA80CC00EB970E /* Frameworks */ = {
			isa = PBXFrameworksBuildPhase;
			buildActionMask = 2147483647;
			files = (
			);
			runOnlyForDeploymentPostprocessing = 0;
		};
/* End PBXFrameworksBuildPhase section */

/* Begin PBXGroup section */
		98479CA31ECA80CB00EB970E = {
			isa = PBXGroup;
			children = (
				98479CAE1ECA80CC00EB970E /* HeeyTaxiPrototipe */,
				98479CC31ECA80CC00EB970E /* HeeyTaxiPrototipeTests */,
				98479CCE1ECA80CC00EB970E /* HeeyTaxiPrototipeUITests */,
				98479CAD1ECA80CC00EB970E /* Products */,
			);
			sourceTree = "<group>";
		};
		98479CAD1ECA80CC00EB970E /* Products */ = {
			isa = PBXGroup;
			children = (
				98479CAC1ECA80CC00EB970E /* HeeyTaxiPrototipe.app */,
				98479CC01ECA80CC00EB970E /* HeeyTaxiPrototipeTests.xctest */,
				98479CCB1ECA80CC00EB970E /* HeeyTaxiPrototipeUITests.xctest */,
			);
			name = Products;
			sourceTree = "<group>";
		};
		98479CAE1ECA80CC00EB970E /* HeeyTaxiPrototipe */ = {
			isa = PBXGroup;
			children = (
				98479CAF1ECA80CC00EB970E /* AppDelegate.swift */,
				98479CB11ECA80CC00EB970E /* ViewController.swift */,
				98479CB31ECA80CC00EB970E /* Main.storyboard */,
				98479CB61ECA80CC00EB970E /* Assets.xcassets */,
				98479CB81ECA80CC00EB970E /* LaunchScreen.storyboard */,
				98479CBB1ECA80CC00EB970E /* Info.plist */,
			);
			path = HeeyTaxiPrototipe;
			sourceTree = "<group>";
		};
		98479CC31ECA80CC00EB970E /* HeeyTaxiPrototipeTests */ = {
			isa = PBXGroup;
			children = (
				98479CC41ECA80CC00EB970E /* HeeyTaxiPrototipeTests.swift */,
				98479CC61ECA80CC00EB970E /* Info.plist */,
			);
			path = HeeyTaxiPrototipeTests;
			sourceTree = "<group>";
		};
		98479CCE1ECA80CC00EB970E /* HeeyTaxiPrototipeUITests */ = {
			isa = PBXGroup;
			children = (
				98479CCF1ECA80CC00EB970E /* HeeyTaxiPrototipeUITests.swift */,
				98479CD11ECA80CC00EB970E /* Info.plist */,
			);
			path = HeeyTaxiPrototipeUITests;
			sourceTree = "<group>";
		};
/* End PBXGroup section */

/* Begin PBXNativeTarget section */
		98479CAB1ECA80CC00EB970E /* HeeyTaxiPrototipe */ = {
			isa = PBXNativeTarget;
			buildConfigurationList = 98479CD41ECA80CC00EB970E /* Build configuration list for PBXNativeTarget "HeeyTaxiPrototipe" */;
			buildPhases = (
				98479CA81ECA80CC00EB970E /* Sources */,
				98479CA91ECA80CC00EB970E /* Frameworks */,
				98479CAA1ECA80CC00EB970E /* Resources */,
			);
			buildRules = (
			);
			dependencies = (
			);
			name = HeeyTaxiPrototipe;
			productName = HeeyTaxiPrototipe;
			productReference = 98479CAC1ECA80CC00EB970E /* HeeyTaxiPrototipe.app */;
			productType = "com.apple.product-type.application";
		};
		98479CBF1ECA80CC00EB970E /* HeeyTaxiPrototipeTests */ = {
			isa = PBXNativeTarget;
			buildConfigurationList = 98479CD71ECA80CC00EB970E /* Build configuration list for PBXNativeTarget "HeeyTaxiPrototipeTests" */;
			buildPhases = (
				98479CBC1ECA80CC00EB970E /* Sources */,
				98479CBD1ECA80CC00EB970E /* Frameworks */,
				98479CBE1ECA80CC00EB970E /* Resources */,
			);
			buildRules = (
			);
			dependencies = (
				98479CC21ECA80CC00EB970E /* PBXTargetDependency */,
			);
			name = HeeyTaxiPrototipeTests;
			productName = HeeyTaxiPrototipeTests;
			productReference = 98479CC01ECA80CC00EB970E /* HeeyTaxiPrototipeTests.xctest */;
			productType = "com.apple.product-type.bundle.unit-test";
		};
		98479CCA1ECA80CC00EB970E /* HeeyTaxiPrototipeUITests */ = {
			isa = PBXNativeTarget;
			buildConfigurationList = 98479CDA1ECA80CC00EB970E /* Build configuration list for PBXNativeTarget "HeeyTaxiPrototipeUITests" */;
			buildPhases = (
				98479CC71ECA80CC00EB970E /* Sources */,
				98479CC81ECA80CC00EB970E /* Frameworks */,
				98479CC91ECA80CC00EB970E /* Resources */,
			);
			buildRules = (
			);
			dependencies = (
				98479CCD1ECA80CC00EB970E /* PBXTargetDependency */,
			);
			name = HeeyTaxiPrototipeUITests;
			productName = HeeyTaxiPrototipeUITests;
			productReference = 98479CCB1ECA80CC00EB970E /* HeeyTaxiPrototipeUITests.xctest */;
			productType = "com.apple.product-type.bundle.ui-testing";
		};
/* End PBXNativeTarget section */

/* Begin PBXProject section */
		98479CA41ECA80CB00EB970E /* Project object */ = {
			isa = PBXProject;
			attributes = {
				LastSwiftUpdateCheck = 0830;
				LastUpgradeCheck = 0830;
				ORGANIZATIONNAME = "Hxgo De la rosa";
				TargetAttributes = {
					98479CAB1ECA80CC00EB970E = {
						CreatedOnToolsVersion = 8.3.2;
						ProvisioningStyle = Automatic;
					};
					98479CBF1ECA80CC00EB970E = {
						CreatedOnToolsVersion = 8.3.2;
						ProvisioningStyle = Automatic;
						TestTargetID = 98479CAB1ECA80CC00EB970E;
					};
					98479CCA1ECA80CC00EB970E = {
						CreatedOnToolsVersion = 8.3.2;
						ProvisioningStyle = Automatic;
						TestTargetID = 98479CAB1ECA80CC00EB970E;
					};
				};
			};
			buildConfigurationList = 98479CA71ECA80CC00EB970E /* Build configuration list for PBXProject "HeeyTaxiPrototipe" */;
			compatibilityVersion = "Xcode 3.2";
			developmentRegion = English;
			hasScannedForEncodings = 0;
			knownRegions = (
				en,
				Base,
			);
			mainGroup = 98479CA31ECA80CB00EB970E;
			productRefGroup = 98479CAD1ECA80CC00EB970E /* Products */;
			projectDirPath = "";
			projectRoot = "";
			targets = (
				98479CAB1ECA80CC00EB970E /* HeeyTaxiPrototipe */,
				98479CBF1ECA80CC00EB970E /* HeeyTaxiPrototipeTests */,
				98479CCA1ECA80CC00EB970E /* HeeyTaxiPrototipeUITests */,
			);
		};
/* End PBXProject section */

/* Begin PBXResourcesBuildPhase section */
		98479CAA1ECA80CC00EB970E /* Resources */ = {
			isa = PBXResourcesBuildPhase;
			buildActionMask = 2147483647;
			files = (
				98479CBA1ECA80CC00EB970E /* LaunchScreen.storyboard in Resources */,
				98479CB71ECA80CC00EB970E /* Assets.xcassets in Resources */,
				98479CB51ECA80CC00EB970E /* Main.storyboard in Resources */,
			);
			runOnlyForDeploymentPostprocessing = 0;
		};
		98479CBE1ECA80CC00EB970E /* Resources */ = {
			isa = PBXResourcesBuildPhase;
			buildActionMask = 2147483647;
			files = (
			);
			runOnlyForDeploymentPostprocessing = 0;
		};
		98479CC91ECA80CC00EB970E /* Resources */ = {
			isa = PBXResourcesBuildPhase;
			buildActionMask = 2147483647;
			files = (
			);
			runOnlyForDeploymentPostprocessing = 0;
		};
/* End PBXResourcesBuildPhase section */

/* Begin PBXSourcesBuildPhase section */
		98479CA81ECA80CC00EB970E /* Sources */ = {
			isa = PBXSourcesBuildPhase;
			buildActionMask = 2147483647;
			files = (
				98479CB21ECA80CC00EB970E /* ViewController.swift in Sources */,
				98479CB01ECA80CC00EB970E /* AppDelegate.swift in Sources */,
			);
			runOnlyForDeploymentPostprocessing = 0;
		};
		98479CBC1ECA80CC00EB970E /* Sources */ = {
			isa = PBXSourcesBuildPhase;
			buildActionMask = 2147483647;
			files = (
				98479CC51ECA80CC00EB970E /* HeeyTaxiPrototipeTests.swift in Sources */,
			);
			runOnlyForDeploymentPostprocessing = 0;
		};
		98479CC71ECA80CC00EB970E /* Sources */ = {
			isa = PBXSourcesBuildPhase;
			buildActionMask = 2147483647;
			files = (
				98479CD01ECA80CC00EB970E /* HeeyTaxiPrototipeUITests.swift in Sources */,
			);
			runOnlyForDeploymentPostprocessing = 0;
		};
/* End PBXSourcesBuildPhase section */

/* Begin PBXTargetDependency section */
		98479CC21ECA80CC00EB970E /* PBXTargetDependency */ = {
			isa = PBXTargetDependency;
			target = 98479CAB1ECA80CC00EB970E /* HeeyTaxiPrototipe */;
			targetProxy = 98479CC11ECA80CC00EB970E /* PBXContainerItemProxy */;
		};
		98479CCD1ECA80CC00EB970E /* PBXTargetDependency */ = {
			isa = PBXTargetDependency;
			target = 98479CAB1ECA80CC00EB970E /* HeeyTaxiPrototipe */;
			targetProxy = 98479CCC1ECA80CC00EB970E /* PBXContainerItemProxy */;
		};
/* End PBXTargetDependency section */

/* Begin PBXVariantGroup section */
		98479CB31ECA80CC00EB970E /* Main.storyboard */ = {
			isa = PBXVariantGroup;
			children = (
				98479CB41ECA80CC00EB970E /* Base */,
			);
			name = Main.storyboard;
			sourceTree = "<group>";
		};
		98479CB81ECA80CC00EB970E /* LaunchScreen.storyboard */ = {
			isa = PBXVariantGroup;
			children = (
				98479CB91ECA80CC00EB970E /* Base */,
			);
			name = LaunchScreen.storyboard;
			sourceTree = "<group>";
		};
/* End PBXVariantGroup section */

/* Begin XCBuildConfiguration section */
		98479CD21ECA80CC00EB970E /* Debug */ = {
			isa = XCBuildConfiguration;
			buildSettings = {
				ALWAYS_SEARCH_USER_PATHS = NO;
				CLANG_ANALYZER_NONNULL = YES;
				CLANG_ANALYZER_NUMBER_OBJECT_CONVERSION = YES_AGGRESSIVE;
				CLANG_CXX_LANGUAGE_STANDARD = "gnu++0x";
				CLANG_CXX_LIBRARY = "libc++";
				CLANG_ENABLE_MODULES = YES;
				CLANG_ENABLE_OBJC_ARC = YES;
				CLANG_WARN_BOOL_CONVERSION = YES;
				CLANG_WARN_CONSTANT_CONVERSION = YES;
				CLANG_WARN_DIRECT_OBJC_ISA_USAGE = YES_ERROR;
				CLANG_WARN_DOCUMENTATION_COMMENTS = YES;
				CLANG_WARN_EMPTY_BODY = YES;
				CLANG_WARN_ENUM_CONVERSION = YES;
				CLANG_WARN_INFINITE_RECURSION = YES;
				CLANG_WARN_INT_CONVERSION = YES;
				CLANG_WARN_OBJC_ROOT_CLASS = YES_ERROR;
				CLANG_WARN_SUSPICIOUS_MOVE = YES;
				CLANG_WARN_UNREACHABLE_CODE = YES;
				CLANG_WARN__DUPLICATE_METHOD_MATCH = YES;
				"CODE_SIGN_IDENTITY[sdk=iphoneos*]" = "iPhone Developer";
				COPY_PHASE_STRIP = NO;
				DEBUG_INFORMATION_FORMAT = dwarf;
				ENABLE_STRICT_OBJC_MSGSEND = YES;
				ENABLE_TESTABILITY = YES;
				GCC_C_LANGUAGE_STANDARD = gnu99;
				GCC_DYNAMIC_NO_PIC = NO;
				GCC_NO_COMMON_BLOCKS = YES;
				GCC_OPTIMIZATION_LEVEL = 0;
				GCC_PREPROCESSOR_DEFINITIONS = (
					"DEBUG=1",
					"$(inherited)",
				);
				GCC_WARN_64_TO_32_BIT_CONVERSION = YES;
				GCC_WARN_ABOUT_RETURN_TYPE = YES_ERROR;
				GCC_WARN_UNDECLARED_SELECTOR = YES;
				GCC_WARN_UNINITIALIZED_AUTOS = YES_AGGRESSIVE;
				GCC_WARN_UNUSED_FUNCTION = YES;
				GCC_WARN_UNUSED_VARIABLE = YES;
				IPHONEOS_DEPLOYMENT_TARGET = 10.3;
				MTL_ENABLE_DEBUG_INFO = YES;
				ONLY_ACTIVE_ARCH = YES;
				SDKROOT = iphoneos;
				SWIFT_ACTIVE_COMPILATION_CONDITIONS = DEBUG;
				SWIFT_OPTIMIZATION_LEVEL = "-Onone";
			};
			name = Debug;
		};
		98479CD31ECA80CC00EB970E /* Release */ = {
			isa = XCBuildConfiguration;
			buildSettings = {
				ALWAYS_SEARCH_USER_PATHS = NO;
				CLANG_ANALYZER_NONNULL = YES;
				CLANG_ANALYZER_NUMBER_OBJECT_CONVERSION = YES_AGGRESSIVE;
				CLANG_CXX_LANGUAGE_STANDARD = "gnu++0x";
				CLANG_CXX_LIBRARY = "libc++";
				CLANG_ENABLE_MODULES = YES;
				CLANG_ENABLE_OBJC_ARC = YES;
				CLANG_WARN_BOOL_CONVERSION = YES;
				CLANG_WARN_CONSTANT_CONVERSION = YES;
				CLANG_WARN_DIRECT_OBJC_ISA_USAGE = YES_ERROR;
				CLANG_WARN_DOCUMENTATION_COMMENTS = YES;
				CLANG_WARN_EMPTY_BODY = YES;
				CLANG_WARN_ENUM_CONVERSION = YES;
				CLANG_WARN_INFINITE_RECURSION = YES;
				CLANG_WARN_INT_CONVERSION = YES;
				CLANG_WARN_OBJC_ROOT_CLASS = YES_ERROR;
				CLANG_WARN_SUSPICIOUS_MOVE = YES;
				CLANG_WARN_UNREACHABLE_CODE = YES;
				CLANG_WARN__DUPLICATE_METHOD_MATCH = YES;
				"CODE_SIGN_IDENTITY[sdk=iphoneos*]" = "iPhone Developer";
				COPY_PHASE_STRIP = NO;
				DEBUG_INFORMATION_FORMAT = "dwarf-with-dsym";
				ENABLE_NS_ASSERTIONS = NO;
				ENABLE_STRICT_OBJC_MSGSEND = YES;
				GCC_C_LANGUAGE_STANDARD = gnu99;
				GCC_NO_COMMON_BLOCKS = YES;
				GCC_WARN_64_TO_32_BIT_CONVERSION = YES;
				GCC_WARN_ABOUT_RETURN_TYPE = YES_ERROR;
				GCC_WARN_UNDECLARED_SELECTOR = YES;
				GCC_WARN_UNINITIALIZED_AUTOS = YES_AGGRESSIVE;
				GCC_WARN_UNUSED_FUNCTION = YES;
				GCC_WARN_UNUSED_VARIABLE = YES;
				IPHONEOS_DEPLOYMENT_TARGET = 10.3;
				MTL_ENABLE_DEBUG_INFO = NO;
				SDKROOT = iphoneos;
				SWIFT_OPTIMIZATION_LEVEL = "-Owholemodule";
				VALIDATE_PRODUCT = YES;
			};
			name = Release;
		};
		98479CD51ECA80CC00EB970E /* Debug */ = {
			isa = XCBuildConfiguration;
			buildSettings = {
				ASSETCATALOG_COMPILER_APPICON_NAME = AppIcon;
				INFOPLIST_FILE = HeeyTaxiPrototipe/Info.plist;
				LD_RUNPATH_SEARCH_PATHS = "$(inherited) @executable_path/Frameworks";
				PRODUCT_BUNDLE_IDENTIFIER = com.HeeyTaxiPrototipe;
				PRODUCT_NAME = "$(TARGET_NAME)";
				SWIFT_VERSION = 3.0;
			};
			name = Debug;
		};
		98479CD61ECA80CC00EB970E /* Release */ = {
			isa = XCBuildConfiguration;
			buildSettings = {
				ASSETCATALOG_COMPILER_APPICON_NAME = AppIcon;
				INFOPLIST_FILE = HeeyTaxiPrototipe/Info.plist;
				LD_RUNPATH_SEARCH_PATHS = "$(inherited) @executable_path/Frameworks";
				PRODUCT_BUNDLE_IDENTIFIER = com.HeeyTaxiPrototipe;
				PRODUCT_NAME = "$(TARGET_NAME)";
				SWIFT_VERSION = 3.0;
			};
			name = Release;
		};
		98479CD81ECA80CC00EB970E /* Debug */ = {
			isa = XCBuildConfiguration;
			buildSettings = {
				ALWAYS_EMBED_SWIFT_STANDARD_LIBRARIES = YES;
				BUNDLE_LOADER = "$(TEST_HOST)";
				INFOPLIST_FILE = HeeyTaxiPrototipeTests/Info.plist;
				LD_RUNPATH_SEARCH_PATHS = "$(inherited) @executable_path/Frameworks @loader_path/Frameworks";
				PRODUCT_BUNDLE_IDENTIFIER = com.HeeyTaxiPrototipeTests;
				PRODUCT_NAME = "$(TARGET_NAME)";
				SWIFT_VERSION = 3.0;
				TEST_HOST = "$(BUILT_PRODUCTS_DIR)/HeeyTaxiPrototipe.app/HeeyTaxiPrototipe";
			};
			name = Debug;
		};
		98479CD91ECA80CC00EB970E /* Release */ = {
			isa = XCBuildConfiguration;
			buildSettings = {
				ALWAYS_EMBED_SWIFT_STANDARD_LIBRARIES = YES;
				BUNDLE_LOADER = "$(TEST_HOST)";
				INFOPLIST_FILE = HeeyTaxiPrototipeTests/Info.plist;
				LD_RUNPATH_SEARCH_PATHS = "$(inherited) @executable_path/Frameworks @loader_path/Frameworks";
				PRODUCT_BUNDLE_IDENTIFIER = com.HeeyTaxiPrototipeTests;
				PRODUCT_NAME = "$(TARGET_NAME)";
				SWIFT_VERSION = 3.0;
				TEST_HOST = "$(BUILT_PRODUCTS_DIR)/HeeyTaxiPrototipe.app/HeeyTaxiPrototipe";
			};
			name = Release;
		};
		98479CDB1ECA80CC00EB970E /* Debug */ = {
			isa = XCBuildConfiguration;
			buildSettings = {
				ALWAYS_EMBED_SWIFT_STANDARD_LIBRARIES = YES;
				INFOPLIST_FILE = HeeyTaxiPrototipeUITests/Info.plist;
				LD_RUNPATH_SEARCH_PATHS = "$(inherited) @executable_path/Frameworks @loader_path/Frameworks";
				PRODUCT_BUNDLE_IDENTIFIER = com.HeeyTaxiPrototipeUITests;
				PRODUCT_NAME = "$(TARGET_NAME)";
				SWIFT_VERSION = 3.0;
				TEST_TARGET_NAME = HeeyTaxiPrototipe;
			};
			name = Debug;
		};
		98479CDC1ECA80CC00EB970E /* Release */ = {
			isa = XCBuildConfiguration;
			buildSettings = {
				ALWAYS_EMBED_SWIFT_STANDARD_LIBRARIES = YES;
				INFOPLIST_FILE = HeeyTaxiPrototipeUITests/Info.plist;
				LD_RUNPATH_SEARCH_PATHS = "$(inherited) @executable_path/Frameworks @loader_path/Frameworks";
				PRODUCT_BUNDLE_IDENTIFIER = com.HeeyTaxiPrototipeUITests;
				PRODUCT_NAME = "$(TARGET_NAME)";
				SWIFT_VERSION = 3.0;
				TEST_TARGET_NAME = HeeyTaxiPrototipe;
			};
			name = Release;
		};
/* End XCBuildConfiguration section */

/* Begin XCConfigurationList section */
		98479CA71ECA80CC00EB970E /* Build configuration list for PBXProject "HeeyTaxiPrototipe" */ = {
			isa = XCConfigurationList;
			buildConfigurations = (
				98479CD21ECA80CC00EB970E /* Debug */,
				98479CD31ECA80CC00EB970E /* Release */,
			);
			defaultConfigurationIsVisible = 0;
			defaultConfigurationName = Release;
		};
		98479CD41ECA80CC00EB970E /* Build configuration list for PBXNativeTarget "HeeyTaxiPrototipe" */ = {
			isa = XCConfigurationList;
			buildConfigurations = (
				98479CD51ECA80CC00EB970E /* Debug */,
				98479CD61ECA80CC00EB970E /* Release */,
			);
			defaultConfigurationIsVisible = 0;
		};
		98479CD71ECA80CC00EB970E /* Build configuration list for PBXNativeTarget "HeeyTaxiPrototipeTests" */ = {
			isa = XCConfigurationList;
			buildConfigurations = (
				98479CD81ECA80CC00EB970E /* Debug */,
				98479CD91ECA80CC00EB970E /* Release */,
			);
			defaultConfigurationIsVisible = 0;
		};
		98479CDA1ECA80CC00EB970E /* Build configuration list for PBXNativeTarget "HeeyTaxiPrototipeUITests" */ = {
			isa = XCConfigurationList;
			buildConfigurations = (
				98479CDB1ECA80CC00EB970E /* Debug */,
				98479CDC1ECA80CC00EB970E /* Release */,
			);
			defaultConfigurationIsVisible = 0;
		};
/* End XCConfigurationList section */
	};
	rootObject = 98479CA41ECA80CB00EB970E /* Project object */;
}
